
Microsoft Visual Studio Solution File, Format Version 12.00
# Visual Studio 14
VisualStudioVersion = 14.0.24720.0
MinimumVisualStudioVersion = 10.0.40219.1
Project("{FAE04EC0-301F-11D3-BF4B-00C04F79EFBC}") = "MVCTestProject", "MVCTestProject\MVCTestProject.csproj", "{54541D69-6F83-4DAF-9606-153178AABD7E}"
EndProject
Project("{FAE04EC0-301F-11D3-BF4B-00C04F79EFBC}") = "MVCTestProject.Tests", "MVCTestProject.Tests\MVCTestProject.Tests.csproj", "{278F86F5-BC04-40C7-8D91-E40D3B5F12B1}"
EndProject
Global
	GlobalSection(SolutionConfigurationPlatforms) = preSolution
		Debug|Any CPU = Debug|Any CPU
		Release|Any CPU = Release|Any CPU
	EndGlobalSection
	GlobalSection(ProjectConfigurationPlatforms) = postSolution
		{54541D69-6F83-4DAF-9606-153178AABD7E}.Debug|Any CPU.ActiveCfg = Debug|Any CPU
		{54541D69-6F83-4DAF-9606-153178AABD7E}.Debug|Any CPU.Build.0 = Debug|Any CPU
		{54541D69-6F83-4DAF-9606-153178AABD7E}.Release|Any CPU.ActiveCfg = Release|Any CPU
		{54541D69-6F83-4DAF-9606-153178AABD7E}.Release|Any CPU.Build.0 = Release|Any CPU
		{278F86F5-BC04-40C7-8D91-E40D3B5F12B1}.Debug|Any CPU.ActiveCfg = Debug|Any CPU
		{278F86F5-BC04-40C7-8D91-E40D3B5F12B1}.Debug|Any CPU.Build.0 = Debug|Any CPU
		{278F86F5-BC04-40C7-8D91-E40D3B5F12B1}.Release|Any CPU.ActiveCfg = Release|Any CPU
		{278F86F5-BC04-40C7-8D91-E40D3B5F12B1}.Release|Any CPU.Build.0 = Release|Any CPU
	EndGlobalSection
	GlobalSection(SolutionProperties) = preSolution
		HideSolutionNode = FALSE
	EndGlobalSection
EndGlobal
